
Microsoft Visual Studio Solution File, Format Version 12.00
# Visual Studio Version 16
VisualStudioVersion = 16.0.29411.108
MinimumVisualStudioVersion = 10.0.40219.1
Project("{FAE04EC0-301F-11D3-BF4B-00C04F79EFBC}") = "ConscensiaTest.Api", "ConscensiaTest.Api\ConscensiaTest.Api.csproj", "{7A71B5EA-FAB4-4558-A469-DE17BCF07F23}"
EndProject
Project("{FAE04EC0-301F-11D3-BF4B-00C04F79EFBC}") = "ConscensiaTest.Client", "ConscensiaTest.Client\ConscensiaTest.Client.csproj", "{CA4D3CF3-CC27-4304-8935-D801A1A1EF6B}"
EndProject
Global
	GlobalSection(SolutionConfigurationPlatforms) = preSolution
		Debug|Any CPU = Debug|Any CPU
		Release|Any CPU = Release|Any CPU
	EndGlobalSection
	GlobalSection(ProjectConfigurationPlatforms) = postSolution
		{7A71B5EA-FAB4-4558-A469-DE17BCF07F23}.Debug|Any CPU.ActiveCfg = Debug|Any CPU
		{7A71B5EA-FAB4-4558-A469-DE17BCF07F23}.Debug|Any CPU.Build.0 = Debug|Any CPU
		{7A71B5EA-FAB4-4558-A469-DE17BCF07F23}.Release|Any CPU.ActiveCfg = Release|Any CPU
		{7A71B5EA-FAB4-4558-A469-DE17BCF07F23}.Release|Any CPU.Build.0 = Release|Any CPU
		{CA4D3CF3-CC27-4304-8935-D801A1A1EF6B}.Debug|Any CPU.ActiveCfg = Debug|Any CPU
		{CA4D3CF3-CC27-4304-8935-D801A1A1EF6B}.Debug|Any CPU.Build.0 = Debug|Any CPU
		{CA4D3CF3-CC27-4304-8935-D801A1A1EF6B}.Release|Any CPU.ActiveCfg = Release|Any CPU
		{CA4D3CF3-CC27-4304-8935-D801A1A1EF6B}.Release|Any CPU.Build.0 = Release|Any CPU
	EndGlobalSection
	GlobalSection(SolutionProperties) = preSolution
		HideSolutionNode = FALSE
	EndGlobalSection
	GlobalSection(ExtensibilityGlobals) = postSolution
		SolutionGuid = {97F1CB08-DBC6-4711-95A7-5F85009E05EF}
	EndGlobalSection
EndGlobal
